
Microsoft Visual Studio Solution File, Format Version 12.00
# Visual Studio Version 17
VisualStudioVersion = 17.14.36518.9
MinimumVisualStudioVersion = 10.0.40219.1
Project("{FAE04EC0-301F-11D3-BF4B-00C04F79EFBC}") = "ConsoleApp1", "ConsoleApp1\ConsoleApp1.csproj", "{DA7756DB-8A92-4FBF-8F31-E9261B6A246F}"
EndProject
Project("{FAE04EC0-301F-11D3-BF4B-00C04F79EFBC}") = "WpfApp1", "WpfApp1\WpfApp1.csproj", "{987CBCAA-FA8D-4914-88D3-7FE016562611}"
EndProject
Project("{FAE04EC0-301F-11D3-BF4B-00C04F79EFBC}") = "WpfApp2", "WpfApp2\WpfApp2.csproj", "{62D681A4-4F3D-4065-8065-4BA85147800E}"
EndProject
Project("{FAE04EC0-301F-11D3-BF4B-00C04F79EFBC}") = "WpfApp3", "WpfApp3\WpfApp3.csproj", "{17B5ECD1-A58B-4BC7-8EE9-69975650E481}"
EndProject
Project("{FAE04EC0-301F-11D3-BF4B-00C04F79EFBC}") = "WpfApp4", "WpfApp4\WpfApp4.csproj", "{DEDC5492-5B74-4593-BFC0-022152789FB1}"
EndProject
Project("{FAE04EC0-301F-11D3-BF4B-00C04F79EFBC}") = "WpfApp5", "WpfApp5\WpfApp5.csproj", "{77D4BFDB-CFE8-4981-B91A-3CC29F729255}"
EndProject
Project("{FAE04EC0-301F-11D3-BF4B-00C04F79EFBC}") = "WpfApp6", "WpfApp6\WpfApp6.csproj", "{F46FB54B-F47D-4411-BF1D-94B83902B3A7}"
EndProject
Project("{FAE04EC0-301F-11D3-BF4B-00C04F79EFBC}") = "WpfApp7", "WpfApp7\WpfApp7.csproj", "{B179AFC7-A046-4D6B-988D-F569B46E6875}"
EndProject
Project("{FAE04EC0-301F-11D3-BF4B-00C04F79EFBC}") = "WpfApp8", "WpfApp8\WpfApp8.csproj", "{1A38846D-BCB7-49D9-B5B7-38CC6AA74F47}"
EndProject
Global
	GlobalSection(SolutionConfigurationPlatforms) = preSolution
		Debug|Any CPU = Debug|Any CPU
		Release|Any CPU = Release|Any CPU
	EndGlobalSection
	GlobalSection(ProjectConfigurationPlatforms) = postSolution
		{DA7756DB-8A92-4FBF-8F31-E9261B6A246F}.Debug|Any CPU.ActiveCfg = Debug|Any CPU
		{DA7756DB-8A92-4FBF-8F31-E9261B6A246F}.Debug|Any CPU.Build.0 = Debug|Any CPU
		{DA7756DB-8A92-4FBF-8F31-E9261B6A246F}.Release|Any CPU.ActiveCfg = Release|Any CPU
		{DA7756DB-8A92-4FBF-8F31-E9261B6A246F}.Release|Any CPU.Build.0 = Release|Any CPU
		{987CBCAA-FA8D-4914-88D3-7FE016562611}.Debug|Any CPU.ActiveCfg = Debug|Any CPU
		{987CBCAA-FA8D-4914-88D3-7FE016562611}.Debug|Any CPU.Build.0 = Debug|Any CPU
		{987CBCAA-FA8D-4914-88D3-7FE016562611}.Release|Any CPU.ActiveCfg = Release|Any CPU
		{987CBCAA-FA8D-4914-88D3-7FE016562611}.Release|Any CPU.Build.0 = Release|Any CPU
		{62D681A4-4F3D-4065-8065-4BA85147800E}.Debug|Any CPU.ActiveCfg = Debug|Any CPU
		{62D681A4-4F3D-4065-8065-4BA85147800E}.Debug|Any CPU.Build.0 = Debug|Any CPU
		{62D681A4-4F3D-4065-8065-4BA85147800E}.Release|Any CPU.ActiveCfg = Release|Any CPU
		{62D681A4-4F3D-4065-8065-4BA85147800E}.Release|Any CPU.Build.0 = Release|Any CPU
		{17B5ECD1-A58B-4BC7-8EE9-69975650E481}.Debug|Any CPU.ActiveCfg = Debug|Any CPU
		{17B5ECD1-A58B-4BC7-8EE9-69975650E481}.Debug|Any CPU.Build.0 = Debug|Any CPU
		{17B5ECD1-A58B-4BC7-8EE9-69975650E481}.Release|Any CPU.ActiveCfg = Release|Any CPU
		{17B5ECD1-A58B-4BC7-8EE9-69975650E481}.Release|Any CPU.Build.0 = Release|Any CPU
		{DEDC5492-5B74-4593-BFC0-022152789FB1}.Debug|Any CPU.ActiveCfg = Debug|Any CPU
		{DEDC5492-5B74-4593-BFC0-022152789FB1}.Debug|Any CPU.Build.0 = Debug|Any CPU
		{DEDC5492-5B74-4593-BFC0-022152789FB1}.Release|Any CPU.ActiveCfg = Release|Any CPU
		{DEDC5492-5B74-4593-BFC0-022152789FB1}.Release|Any CPU.Build.0 = Release|Any CPU
		{77D4BFDB-CFE8-4981-B91A-3CC29F729255}.Debug|Any CPU.ActiveCfg = Debug|Any CPU
		{77D4BFDB-CFE8-4981-B91A-3CC29F729255}.Debug|Any CPU.Build.0 = Debug|Any CPU
		{77D4BFDB-CFE8-4981-B91A-3CC29F729255}.Release|Any CPU.ActiveCfg = Release|Any CPU
		{77D4BFDB-CFE8-4981-B91A-3CC29F729255}.Release|Any CPU.Build.0 = Release|Any CPU
		{F46FB54B-F47D-4411-BF1D-94B83902B3A7}.Debug|Any CPU.ActiveCfg = Debug|Any CPU
		{F46FB54B-F47D-4411-BF1D-94B83902B3A7}.Debug|Any CPU.Build.0 = Debug|Any CPU
		{F46FB54B-F47D-4411-BF1D-94B83902B3A7}.Release|Any CPU.ActiveCfg = Release|Any CPU
		{F46FB54B-F47D-4411-BF1D-94B83902B3A7}.Release|Any CPU.Build.0 = Release|Any CPU
		{B179AFC7-A046-4D6B-988D-F569B46E6875}.Debug|Any CPU.ActiveCfg = Debug|Any CPU
		{B179AFC7-A046-4D6B-988D-F569B46E6875}.Debug|Any CPU.Build.0 = Debug|Any CPU
		{B179AFC7-A046-4D6B-988D-F569B46E6875}.Release|Any CPU.ActiveCfg = Release|Any CPU
		{B179AFC7-A046-4D6B-988D-F569B46E6875}.Release|Any CPU.Build.0 = Release|Any CPU
		{1A38846D-BCB7-49D9-B5B7-38CC6AA74F47}.Debug|Any CPU.ActiveCfg = Debug|Any CPU
		{1A38846D-BCB7-49D9-B5B7-38CC6AA74F47}.Debug|Any CPU.Build.0 = Debug|Any CPU
		{1A38846D-BCB7-49D9-B5B7-38CC6AA74F47}.Release|Any CPU.ActiveCfg = Release|Any CPU
		{1A38846D-BCB7-49D9-B5B7-38CC6AA74F47}.Release|Any CPU.Build.0 = Release|Any CPU
	EndGlobalSection
	GlobalSection(SolutionProperties) = preSolution
		HideSolutionNode = FALSE
	EndGlobalSection
	GlobalSection(ExtensibilityGlobals) = postSolution
		SolutionGuid = {F0540655-BB6D-4B9D-A4B8-ECD343B7DE34}
	EndGlobalSection
EndGlobal
